<?xml version="1.0" encoding="utf-8"?>
<Project ToolsVersion="4.0" xmlns="http://schemas.microsoft.com/developer/msbuild/2003">
  <ItemGroup>
    <Filter Include="Kadra">
      <UniqueIdentifier>{2817830D-942B-ABBE-5DAD-4E1EC980A7EF}</UniqueIdentifier>
    </Filter>
  </ItemGroup>
  <ItemGroup>
    <ClInclude Include="src\Kadra.h" />
    <ClInclude Include="src\Kadra\Application.h">
      <Filter>Kadra</Filter>
    </ClInclude>
    <ClInclude Include="src\Kadra\Core.h">
      <Filter>Kadra</Filter>
    </ClInclude>
    <ClInclude Include="src\Kadra\EntryPoint.h">
      <Filter>Kadra</Filter>
    </ClInclude>
    <ClInclude Include="src\Kadra\Log.h">
      <Filter>Kadra</Filter>
    </ClInclude>
  </ItemGroup>
  <ItemGroup>
    <ClCompile Include="src\Kadra\Application.cpp">
      <Filter>Kadra</Filter>
    </ClCompile>
    <ClCompile Include="src\Kadra\Log.cpp">
      <Filter>Kadra</Filter>
    </ClCompile>
  </ItemGroup>
</Project>